{"version":4,"terraform_version":"1.10.2","serial":1,"lineage":"f760d7cb-c372-7a74-6aa8-d51282a391c7","outputs":{"pet-name":{"value":"woof-wired-seasnail","type":"string"}},"resources":[{"mode":"managed","type":"random_pet","name":"pet","provider":"provider[\"registry.opentofu.org/hashicorp/random\"]","instances":[{"schema_version":0,"attributes":{"id":"woof-wired-seasnail","keepers":null,"length":2,"prefix":"woof","separator":"-"},"sensitive_attributes":[]}]}],"check_results":null}
