{"version":4,"terraform_version":"1.10.2","serial":1,"lineage":"8e3e6961-501d-c9e6-a0f9-488542dfed04","outputs":{"pet_names":{"value":["Mrs.absolutely.possible.malamute","Mrs.severely.sure.calf","Mrs.briefly.enormous.hyena"],"type":["tuple",["string","string","string"]]}},"resources":[{"mode":"managed","type":"local_file","name":"my_pets","provider":"provider[\"registry.opentofu.org/hashicorp/local\"]","instances":[{"schema_version":0,"attributes":{"content":"Mrs.absolutely.possible.malamute\nMrs.severely.sure.calf\nMrs.briefly.enormous.hyena\n","content_base64":null,"content_base64sha256":"A1cAibqywVK0HZs7/s6iS6KCguVRryKKiEBJlYHCCP4=","content_base64sha512":"IZcBJXzX/eX+ZCuVTZGc68ouenpVJLHWQlJj62nSGV4wp2IL+C6uRy/EB5ZxQXFm/a+GQ/KDcsvJ/8fnOGcq+w==","content_md5":"d20379ddeccc768d2bd799ac5b7a696c","content_sha1":"1ebdcd8d0f385e3ca006c7b09378edffe3058ad4","content_sha256":"03570089bab2c152b41d9b3bfecea24ba28282e551af228a8840499581c208fe","content_sha512":"219701257cd7fde5fe642b954d919cebca2e7a7a5524b1d6425263eb69d2195e30a7620bf82eae472fc4079671417166fdaf8643f28372cbc9ffc7e738672afb","directory_permission":"0777","file_permission":"0777","filename":"my_pets.txt","id":"1ebdcd8d0f385e3ca006c7b09378edffe3058ad4","sensitive_content":null,"source":null},"sensitive_attributes":[[{"type":"get_attr","value":"sensitive_content"}]],"dependencies":["random_pet.pet1","random_pet.pet2","random_pet.pet3"]}]},{"mode":"managed","type":"random_pet","name":"pet1","provider":"provider[\"registry.opentofu.org/hashicorp/random\"]","instances":[{"schema_version":0,"attributes":{"id":"Mrs.absolutely.possible.malamute","keepers":null,"length":3,"prefix":"Mrs","separator":"."},"sensitive_attributes":[]}]},{"mode":"managed","type":"random_pet","name":"pet2","provider":"provider[\"registry.opentofu.org/hashicorp/random\"]","instances":[{"schema_version":0,"attributes":{"id":"Mrs.severely.sure.calf","keepers":null,"length":3,"prefix":"Mrs","separator":"."},"sensitive_attributes":[]}]},{"mode":"managed","type":"random_pet","name":"pet3","provider":"provider[\"registry.opentofu.org/hashicorp/random\"]","instances":[{"schema_version":0,"attributes":{"id":"Mrs.briefly.enormous.hyena","keepers":null,"length":3,"prefix":"Mrs","separator":"."},"sensitive_attributes":[]}]}],"check_results":null}
