{"version":4,"terraform_version":"1.10.2","serial":3,"lineage":"8e3e6961-501d-c9e6-a0f9-488542dfed04","outputs":{"pet_names":{"value":["Mrs.generally.engaging.bass","Mrs.centrally.master.monarch","Mrs.wrongly.capital.owl"],"type":["tuple",["string","string","string"]]}},"resources":[{"mode":"managed","type":"local_file","name":"my_pets","provider":"provider[\"registry.opentofu.org/hashicorp/local\"]","instances":[{"schema_version":0,"attributes":{"content":"Mrs.generally.engaging.bass\nMrs.centrally.master.monarch\nMrs.wrongly.capital.owl\n","content_base64":null,"content_base64sha256":"+LJq1kEFsOyQmT2A/oSkg4Ek9ZWrF/FqLunZFCqkLDY=","content_base64sha512":"fJV0Zu8yliY2vNhTYUcv3QQKc8y1TqQdOd9fF0YINOElnSKxxM0baQfX4BW9nL7oCt660v2fP3jVGqDLnS4eWg==","content_md5":"64c6f41e466ded9e69931358ee3dcabf","content_sha1":"3a74a934070ff7a31b307aef0edcee63f89ea114","content_sha256":"f8b26ad64105b0ec90993d80fe84a4838124f595ab17f16a2ee9d9142aa42c36","content_sha512":"7c957466ef32962636bcd85361472fdd040a73ccb54ea41d39df5f17460834e1259d22b1c4cd1b6907d7e015bd9cbee80adebad2fd9f3f78d51aa0cb9d2e1e5a","directory_permission":"0777","file_permission":"0777","filename":"my_pets.txt","id":"3a74a934070ff7a31b307aef0edcee63f89ea114","sensitive_content":null,"source":null},"sensitive_attributes":[[{"type":"get_attr","value":"sensitive_content"}]],"dependencies":["random_pet.pet1","random_pet.pet2","random_pet.pet3"]}]},{"mode":"managed","type":"random_pet","name":"pet1","provider":"provider[\"registry.opentofu.org/hashicorp/random\"]","instances":[{"schema_version":0,"attributes":{"id":"Mrs.generally.engaging.bass","keepers":null,"length":3,"prefix":"Mrs","separator":"."},"sensitive_attributes":[]}]},{"mode":"managed","type":"random_pet","name":"pet2","provider":"provider[\"registry.opentofu.org/hashicorp/random\"]","instances":[{"schema_version":0,"attributes":{"id":"Mrs.centrally.master.monarch","keepers":null,"length":3,"prefix":"Mrs","separator":"."},"sensitive_attributes":[]}]},{"mode":"managed","type":"random_pet","name":"pet3","provider":"provider[\"registry.opentofu.org/hashicorp/random\"]","instances":[{"schema_version":0,"attributes":{"id":"Mrs.wrongly.capital.owl","keepers":null,"length":3,"prefix":"Mrs","separator":"."},"sensitive_attributes":[]}]}],"check_results":null}
